// !$*UTF8*$!
{
	archiveVersion = 1;
	classes = {
	};
	objectVersion = 50;
	objects = {

/* Begin PBXBuildFile section */
		2B29D36D2572F56C00D794EA /* RecorderPlayer.swift in Sources */ = {isa = PBXBuildFile; fileRef = 2B29D36C2572F56C00D794EA /* RecorderPlayer.swift */; };
		2B45D183257301100095998D /* Recording.swift in Sources */ = {isa = PBXBuildFile; fileRef = 2B45D182257301100095998D /* Recording.swift */; };
		2B45D18725730EBD0095998D /* TranscriptionViewController.swift in Sources */ = {isa = PBXBuildFile; fileRef = 2B45D18525730EBD0095998D /* TranscriptionViewController.swift */; };
		2B45D18825730EBD0095998D /* TranscriptionViewController.xib in Resources */ = {isa = PBXBuildFile; fileRef = 2B45D18625730EBD0095998D /* TranscriptionViewController.xib */; };
		2BDF42EE2571F4FC004812E1 /* AppDelegate.swift in Sources */ = {isa = PBXBuildFile; fileRef = 2BDF42ED2571F4FC004812E1 /* AppDelegate.swift */; };
		2BDF42F02571F4FC004812E1 /* SceneDelegate.swift in Sources */ = {isa = PBXBuildFile; fileRef = 2BDF42EF2571F4FC004812E1 /* SceneDelegate.swift */; };
		2BDF42F22571F4FC004812E1 /* ViewController.swift in Sources */ = {isa = PBXBuildFile; fileRef = 2BDF42F12571F4FC004812E1 /* ViewController.swift */; };
		2BDF42F52571F4FC004812E1 /* Main.storyboard in Resources */ = {isa = PBXBuildFile; fileRef = 2BDF42F32571F4FC004812E1 /* Main.storyboard */; };
		2BDF42F72571F4FD004812E1 /* Assets.xcassets in Resources */ = {isa = PBXBuildFile; fileRef = 2BDF42F62571F4FD004812E1 /* Assets.xcassets */; };
		2BDF42FA2571F4FD004812E1 /* LaunchScreen.storyboard in Resources */ = {isa = PBXBuildFile; fileRef = 2BDF42F82571F4FD004812E1 /* LaunchScreen.storyboard */; };
		2BDF43042571F578004812E1 /* SpeechEngine.swift in Sources */ = {isa = PBXBuildFile; fileRef = 2BDF43032571F578004812E1 /* SpeechEngine.swift */; };
		2BE8F2AC2574070400C065BF /* TranscriberViewController.swift in Sources */ = {isa = PBXBuildFile; fileRef = 2BE8F2AA2574070400C065BF /* TranscriberViewController.swift */; };
		2BE8F2AD2574070400C065BF /* TranscriberViewController.xib in Resources */ = {isa = PBXBuildFile; fileRef = 2BE8F2AB2574070400C065BF /* TranscriberViewController.xib */; };
/* End PBXBuildFile section */

/* Begin PBXFileReference section */
		2B29D36C2572F56C00D794EA /* RecorderPlayer.swift */ = {isa = PBXFileReference; lastKnownFileType = sourcecode.swift; path = RecorderPlayer.swift; sourceTree = "<group>"; };
		2B45D182257301100095998D /* Recording.swift */ = {isa = PBXFileReference; fileEncoding = 4; lastKnownFileType = sourcecode.swift; path = Recording.swift; sourceTree = "<group>"; };
		2B45D18525730EBD0095998D /* TranscriptionViewController.swift */ = {isa = PBXFileReference; lastKnownFileType = sourcecode.swift; path = TranscriptionViewController.swift; sourceTree = "<group>"; };
		2B45D18625730EBD0095998D /* TranscriptionViewController.xib */ = {isa = PBXFileReference; lastKnownFileType = file.xib; path = TranscriptionViewController.xib; sourceTree = "<group>"; };
		2BDF42EA2571F4FC004812E1 /* Speech Recognition Demo.app */ = {isa = PBXFileReference; explicitFileType = wrapper.application; includeInIndex = 0; path = "Speech Recognition Demo.app"; sourceTree = BUILT_PRODUCTS_DIR; };
		2BDF42ED2571F4FC004812E1 /* AppDelegate.swift */ = {isa = PBXFileReference; lastKnownFileType = sourcecode.swift; path = AppDelegate.swift; sourceTree = "<group>"; };
		2BDF42EF2571F4FC004812E1 /* SceneDelegate.swift */ = {isa = PBXFileReference; lastKnownFileType = sourcecode.swift; path = SceneDelegate.swift; sourceTree = "<group>"; };
		2BDF42F12571F4FC004812E1 /* ViewController.swift */ = {isa = PBXFileReference; lastKnownFileType = sourcecode.swift; path = ViewController.swift; sourceTree = "<group>"; };
		2BDF42F42571F4FC004812E1 /* Base */ = {isa = PBXFileReference; lastKnownFileType = file.storyboard; name = Base; path = Base.lproj/Main.storyboard; sourceTree = "<group>"; };
		2BDF42F62571F4FD004812E1 /* Assets.xcassets */ = {isa = PBXFileReference; lastKnownFileType = folder.assetcatalog; path = Assets.xcassets; sourceTree = "<group>"; };
		2BDF42F92571F4FD004812E1 /* Base */ = {isa = PBXFileReference; lastKnownFileType = file.storyboard; name = Base; path = Base.lproj/LaunchScreen.storyboard; sourceTree = "<group>"; };
		2BDF42FB2571F4FD004812E1 /* Info.plist */ = {isa = PBXFileReference; lastKnownFileType = text.plist.xml; path = Info.plist; sourceTree = "<group>"; };
		2BDF43032571F578004812E1 /* SpeechEngine.swift */ = {isa = PBXFileReference; lastKnownFileType = sourcecode.swift; path = SpeechEngine.swift; sourceTree = "<group>"; };
		2BE8F2AA2574070400C065BF /* TranscriberViewController.swift */ = {isa = PBXFileReference; lastKnownFileType = sourcecode.swift; path = TranscriberViewController.swift; sourceTree = "<group>"; };
		2BE8F2AB2574070400C065BF /* TranscriberViewController.xib */ = {isa = PBXFileReference; lastKnownFileType = file.xib; path = TranscriberViewController.xib; sourceTree = "<group>"; };
/* End PBXFileReference section */

/* Begin PBXFrameworksBuildPhase section */
		2BDF42E72571F4FC004812E1 /* Frameworks */ = {
			isa = PBXFrameworksBuildPhase;
			buildActionMask = 2147483647;
			files = (
			);
			runOnlyForDeploymentPostprocessing = 0;
		};
/* End PBXFrameworksBuildPhase section */

/* Begin PBXGroup section */
		2B45D18A25730EC90095998D /* Controllers */ = {
			isa = PBXGroup;
			children = (
				2BDF42F12571F4FC004812E1 /* ViewController.swift */,
				2B45D18525730EBD0095998D /* TranscriptionViewController.swift */,
				2BE8F2AA2574070400C065BF /* TranscriberViewController.swift */,
			);
			path = Controllers;
			sourceTree = "<group>";
		};
		2B45D18C25730ED20095998D /* Storyboards */ = {
			isa = PBXGroup;
			children = (
				2BE8F2AB2574070400C065BF /* TranscriberViewController.xib */,
				2B45D18625730EBD0095998D /* TranscriptionViewController.xib */,
				2BDF42F32571F4FC004812E1 /* Main.storyboard */,
			);
			path = Storyboards;
			sourceTree = "<group>";
		};
		2B45D18D25730EE00095998D /* Models */ = {
			isa = PBXGroup;
			children = (
				2B45D182257301100095998D /* Recording.swift */,
			);
			path = Models;
			sourceTree = "<group>";
		};
		2B45D18F25730EEA0095998D /* Utilities */ = {
			isa = PBXGroup;
			children = (
				2BDF43032571F578004812E1 /* SpeechEngine.swift */,
				2B29D36C2572F56C00D794EA /* RecorderPlayer.swift */,
			);
			path = Utilities;
			sourceTree = "<group>";
		};
		2BDF42E12571F4FC004812E1 = {
			isa = PBXGroup;
			children = (
				2BDF42EC2571F4FC004812E1 /* Speech Recognition Demo */,
				2BDF42EB2571F4FC004812E1 /* Products */,
			);
			sourceTree = "<group>";
		};
		2BDF42EB2571F4FC004812E1 /* Products */ = {
			isa = PBXGroup;
			children = (
				2BDF42EA2571F4FC004812E1 /* Speech Recognition Demo.app */,
			);
			name = Products;
			sourceTree = "<group>";
		};
		2BDF42EC2571F4FC004812E1 /* Speech Recognition Demo */ = {
			isa = PBXGroup;
			children = (
				2BDF42ED2571F4FC004812E1 /* AppDelegate.swift */,
				2BDF42EF2571F4FC004812E1 /* SceneDelegate.swift */,
				2B45D18F25730EEA0095998D /* Utilities */,
				2B45D18D25730EE00095998D /* Models */,
				2B45D18A25730EC90095998D /* Controllers */,
				2B45D18C25730ED20095998D /* Storyboards */,
				2BDF42F62571F4FD004812E1 /* Assets.xcassets */,
				2BDF42F82571F4FD004812E1 /* LaunchScreen.storyboard */,
				2BDF42FB2571F4FD004812E1 /* Info.plist */,
			);
			path = "Speech Recognition Demo";
			sourceTree = "<group>";
		};
/* End PBXGroup section */

/* Begin PBXNativeTarget section */
		2BDF42E92571F4FC004812E1 /* Speech Recognition Demo */ = {
			isa = PBXNativeTarget;
			buildConfigurationList = 2BDF42FE2571F4FD004812E1 /* Build configuration list for PBXNativeTarget "Speech Recognition Demo" */;
			buildPhases = (
				2BDF42E62571F4FC004812E1 /* Sources */,
				2BDF42E72571F4FC004812E1 /* Frameworks */,
				2BDF42E82571F4FC004812E1 /* Resources */,
			);
			buildRules = (
			);
			dependencies = (
			);
			name = "Speech Recognition Demo";
			productName = "Speech Recognition Demo";
			productReference = 2BDF42EA2571F4FC004812E1 /* Speech Recognition Demo.app */;
			productType = "com.apple.product-type.application";
		};
/* End PBXNativeTarget section */

/* Begin PBXProject section */
		2BDF42E22571F4FC004812E1 /* Project object */ = {
			isa = PBXProject;
			attributes = {
				LastSwiftUpdateCheck = 1220;
				LastUpgradeCheck = 1220;
				TargetAttributes = {
					2BDF42E92571F4FC004812E1 = {
						CreatedOnToolsVersion = 12.2;
					};
				};
			};
			buildConfigurationList = 2BDF42E52571F4FC004812E1 /* Build configuration list for PBXProject "Speech Recognition Demo" */;
			compatibilityVersion = "Xcode 9.3";
			developmentRegion = en;
			hasScannedForEncodings = 0;
			knownRegions = (
				en,
				Base,
			);
			mainGroup = 2BDF42E12571F4FC004812E1;
			productRefGroup = 2BDF42EB2571F4FC004812E1 /* Products */;
			projectDirPath = "";
			projectRoot = "";
			targets = (
				2BDF42E92571F4FC004812E1 /* Speech Recognition Demo */,
			);
		};
/* End PBXProject section */

/* Begin PBXResourcesBuildPhase section */
		2BDF42E82571F4FC004812E1 /* Resources */ = {
			isa = PBXResourcesBuildPhase;
			buildActionMask = 2147483647;
			files = (
				2BDF42FA2571F4FD004812E1 /* LaunchScreen.storyboard in Resources */,
				2BDF42F72571F4FD004812E1 /* Assets.xcassets in Resources */,
				2BDF42F52571F4FC004812E1 /* Main.storyboard in Resources */,
				2BE8F2AD2574070400C065BF /* TranscriberViewController.xib in Resources */,
				2B45D18825730EBD0095998D /* TranscriptionViewController.xib in Resources */,
			);
			runOnlyForDeploymentPostprocessing = 0;
		};
/* End PBXResourcesBuildPhase section */

/* Begin PBXSourcesBuildPhase section */
		2BDF42E62571F4FC004812E1 /* Sources */ = {
			isa = PBXSourcesBuildPhase;
			buildActionMask = 2147483647;
			files = (
				2BE8F2AC2574070400C065BF /* TranscriberViewController.swift in Sources */,
				2B29D36D2572F56C00D794EA /* RecorderPlayer.swift in Sources */,
				2B45D183257301100095998D /* Recording.swift in Sources */,
				2BDF42F22571F4FC004812E1 /* ViewController.swift in Sources */,
				2BDF42EE2571F4FC004812E1 /* AppDelegate.swift in Sources */,
				2B45D18725730EBD0095998D /* TranscriptionViewController.swift in Sources */,
				2BDF42F02571F4FC004812E1 /* SceneDelegate.swift in Sources */,
				2BDF43042571F578004812E1 /* SpeechEngine.swift in Sources */,
			);
			runOnlyForDeploymentPostprocessing = 0;
		};
/* End PBXSourcesBuildPhase section */

/* Begin PBXVariantGroup section */
		2BDF42F32571F4FC004812E1 /* Main.storyboard */ = {
			isa = PBXVariantGroup;
			children = (
				2BDF42F42571F4FC004812E1 /* Base */,
			);
			name = Main.storyboard;
			sourceTree = "<group>";
		};
		2BDF42F82571F4FD004812E1 /* LaunchScreen.storyboard */ = {
			isa = PBXVariantGroup;
			children = (
				2BDF42F92571F4FD004812E1 /* Base */,
			);
			name = LaunchScreen.storyboard;
			sourceTree = "<group>";
		};
/* End PBXVariantGroup section */

/* Begin XCBuildConfiguration section */
		2BDF42FC2571F4FD004812E1 /* Debug */ = {
			isa = XCBuildConfiguration;
			buildSettings = {
				ALWAYS_SEARCH_USER_PATHS = NO;
				CLANG_ANALYZER_NONNULL = YES;
				CLANG_ANALYZER_NUMBER_OBJECT_CONVERSION = YES_AGGRESSIVE;
				CLANG_CXX_LANGUAGE_STANDARD = "gnu++14";
				CLANG_CXX_LIBRARY = "libc++";
				CLANG_ENABLE_MODULES = YES;
				CLANG_ENABLE_OBJC_ARC = YES;
				CLANG_ENABLE_OBJC_WEAK = YES;
				CLANG_WARN_BLOCK_CAPTURE_AUTORELEASING = YES;
				CLANG_WARN_BOOL_CONVERSION = YES;
				CLANG_WARN_COMMA = YES;
				CLANG_WARN_CONSTANT_CONVERSION = YES;
				CLANG_WARN_DEPRECATED_OBJC_IMPLEMENTATIONS = YES;
				CLANG_WARN_DIRECT_OBJC_ISA_USAGE = YES_ERROR;
				CLANG_WARN_DOCUMENTATION_COMMENTS = YES;
				CLANG_WARN_EMPTY_BODY = YES;
				CLANG_WARN_ENUM_CONVERSION = YES;
				CLANG_WARN_INFINITE_RECURSION = YES;
				CLANG_WARN_INT_CONVERSION = YES;
				CLANG_WARN_NON_LITERAL_NULL_CONVERSION = YES;
				CLANG_WARN_OBJC_IMPLICIT_RETAIN_SELF = YES;
				CLANG_WARN_OBJC_LITERAL_CONVERSION = YES;
				CLANG_WARN_OBJC_ROOT_CLASS = YES_ERROR;
				CLANG_WARN_QUOTED_INCLUDE_IN_FRAMEWORK_HEADER = YES;
				CLANG_WARN_RANGE_LOOP_ANALYSIS = YES;
				CLANG_WARN_STRICT_PROTOTYPES = YES;
				CLANG_WARN_SUSPICIOUS_MOVE = YES;
				CLANG_WARN_UNGUARDED_AVAILABILITY = YES_AGGRESSIVE;
				CLANG_WARN_UNREACHABLE_CODE = YES;
				CLANG_WARN__DUPLICATE_METHOD_MATCH = YES;
				COPY_PHASE_STRIP = NO;
				DEBUG_INFORMATION_FORMAT = dwarf;
				ENABLE_STRICT_OBJC_MSGSEND = YES;
				ENABLE_TESTABILITY = YES;
				GCC_C_LANGUAGE_STANDARD = gnu11;
				GCC_DYNAMIC_NO_PIC = NO;
				GCC_NO_COMMON_BLOCKS = YES;
				GCC_OPTIMIZATION_LEVEL = 0;
				GCC_PREPROCESSOR_DEFINITIONS = (
					"DEBUG=1",
					"$(inherited)",
				);
				GCC_WARN_64_TO_32_BIT_CONVERSION = YES;
				GCC_WARN_ABOUT_RETURN_TYPE = YES_ERROR;
				GCC_WARN_UNDECLARED_SELECTOR = YES;
				GCC_WARN_UNINITIALIZED_AUTOS = YES_AGGRESSIVE;
				GCC_WARN_UNUSED_FUNCTION = YES;
				GCC_WARN_UNUSED_VARIABLE = YES;
				IPHONEOS_DEPLOYMENT_TARGET = 14.2;
				MTL_ENABLE_DEBUG_INFO = INCLUDE_SOURCE;
				MTL_FAST_MATH = YES;
				ONLY_ACTIVE_ARCH = YES;
				SDKROOT = iphoneos;
				SWIFT_ACTIVE_COMPILATION_CONDITIONS = DEBUG;
				SWIFT_OPTIMIZATION_LEVEL = "-Onone";
			};
			name = Debug;
		};
		2BDF42FD2571F4FD004812E1 /* Release */ = {
			isa = XCBuildConfiguration;
			buildSettings = {
				ALWAYS_SEARCH_USER_PATHS = NO;
				CLANG_ANALYZER_NONNULL = YES;
				CLANG_ANALYZER_NUMBER_OBJECT_CONVERSION = YES_AGGRESSIVE;
				CLANG_CXX_LANGUAGE_STANDARD = "gnu++14";
				CLANG_CXX_LIBRARY = "libc++";
				CLANG_ENABLE_MODULES = YES;
				CLANG_ENABLE_OBJC_ARC = YES;
				CLANG_ENABLE_OBJC_WEAK = YES;
				CLANG_WARN_BLOCK_CAPTURE_AUTORELEASING = YES;
				CLANG_WARN_BOOL_CONVERSION = YES;
				CLANG_WARN_COMMA = YES;
				CLANG_WARN_CONSTANT_CONVERSION = YES;
				CLANG_WARN_DEPRECATED_OBJC_IMPLEMENTATIONS = YES;
				CLANG_WARN_DIRECT_OBJC_ISA_USAGE = YES_ERROR;
				CLANG_WARN_DOCUMENTATION_COMMENTS = YES;
				CLANG_WARN_EMPTY_BODY = YES;
				CLANG_WARN_ENUM_CONVERSION = YES;
				CLANG_WARN_INFINITE_RECURSION = YES;
				CLANG_WARN_INT_CONVERSION = YES;
				CLANG_WARN_NON_LITERAL_NULL_CONVERSION = YES;
				CLANG_WARN_OBJC_IMPLICIT_RETAIN_SELF = YES;
				CLANG_WARN_OBJC_LITERAL_CONVERSION = YES;
				CLANG_WARN_OBJC_ROOT_CLASS = YES_ERROR;
				CLANG_WARN_QUOTED_INCLUDE_IN_FRAMEWORK_HEADER = YES;
				CLANG_WARN_RANGE_LOOP_ANALYSIS = YES;
				CLANG_WARN_STRICT_PROTOTYPES = YES;
				CLANG_WARN_SUSPICIOUS_MOVE = YES;
				CLANG_WARN_UNGUARDED_AVAILABILITY = YES_AGGRESSIVE;
				CLANG_WARN_UNREACHABLE_CODE = YES;
				CLANG_WARN__DUPLICATE_METHOD_MATCH = YES;
				COPY_PHASE_STRIP = NO;
				DEBUG_INFORMATION_FORMAT = "dwarf-with-dsym";
				ENABLE_NS_ASSERTIONS = NO;
				ENABLE_STRICT_OBJC_MSGSEND = YES;
				GCC_C_LANGUAGE_STANDARD = gnu11;
				GCC_NO_COMMON_BLOCKS = YES;
				GCC_WARN_64_TO_32_BIT_CONVERSION = YES;
				GCC_WARN_ABOUT_RETURN_TYPE = YES_ERROR;
				GCC_WARN_UNDECLARED_SELECTOR = YES;
				GCC_WARN_UNINITIALIZED_AUTOS = YES_AGGRESSIVE;
				GCC_WARN_UNUSED_FUNCTION = YES;
				GCC_WARN_UNUSED_VARIABLE = YES;
				IPHONEOS_DEPLOYMENT_TARGET = 14.2;
				MTL_ENABLE_DEBUG_INFO = NO;
				MTL_FAST_MATH = YES;
				SDKROOT = iphoneos;
				SWIFT_COMPILATION_MODE = wholemodule;
				SWIFT_OPTIMIZATION_LEVEL = "-O";
				VALIDATE_PRODUCT = YES;
			};
			name = Release;
		};
		2BDF42FF2571F4FD004812E1 /* Debug */ = {
			isa = XCBuildConfiguration;
			buildSettings = {
				ASSETCATALOG_COMPILER_APPICON_NAME = AppIcon;
				ASSETCATALOG_COMPILER_GLOBAL_ACCENT_COLOR_NAME = AccentColor;
				CODE_SIGN_STYLE = Automatic;
				DEVELOPMENT_TEAM = 2DU9PB9JUU;
				INFOPLIST_FILE = "Speech Recognition Demo/Info.plist";
				IPHONEOS_DEPLOYMENT_TARGET = 13.0;
				LD_RUNPATH_SEARCH_PATHS = (
					"$(inherited)",
					"@executable_path/Frameworks",
				);
				PRODUCT_BUNDLE_IDENTIFIER = "com.harrisonklein.Speech-Recognition-Demo";
				PRODUCT_NAME = "$(TARGET_NAME)";
				SWIFT_VERSION = 5.0;
				TARGETED_DEVICE_FAMILY = "1,2";
			};
			name = Debug;
		};
		2BDF43002571F4FD004812E1 /* Release */ = {
			isa = XCBuildConfiguration;
			buildSettings = {
				ASSETCATALOG_COMPILER_APPICON_NAME = AppIcon;
				ASSETCATALOG_COMPILER_GLOBAL_ACCENT_COLOR_NAME = AccentColor;
				CODE_SIGN_STYLE = Automatic;
				DEVELOPMENT_TEAM = 2DU9PB9JUU;
				INFOPLIST_FILE = "Speech Recognition Demo/Info.plist";
				IPHONEOS_DEPLOYMENT_TARGET = 13.0;
				LD_RUNPATH_SEARCH_PATHS = (
					"$(inherited)",
					"@executable_path/Frameworks",
				);
				PRODUCT_BUNDLE_IDENTIFIER = "com.harrisonklein.Speech-Recognition-Demo";
				PRODUCT_NAME = "$(TARGET_NAME)";
				SWIFT_VERSION = 5.0;
				TARGETED_DEVICE_FAMILY = "1,2";
			};
			name = Release;
		};
/* End XCBuildConfiguration section */

/* Begin XCConfigurationList section */
		2BDF42E52571F4FC004812E1 /* Build configuration list for PBXProject "Speech Recognition Demo" */ = {
			isa = XCConfigurationList;
			buildConfigurations = (
				2BDF42FC2571F4FD004812E1 /* Debug */,
				2BDF42FD2571F4FD004812E1 /* Release */,
			);
			defaultConfigurationIsVisible = 0;
			defaultConfigurationName = Release;
		};
		2BDF42FE2571F4FD004812E1 /* Build configuration list for PBXNativeTarget "Speech Recognition Demo" */ = {
			isa = XCConfigurationList;
			buildConfigurations = (
				2BDF42FF2571F4FD004812E1 /* Debug */,
				2BDF43002571F4FD004812E1 /* Release */,
			);
			defaultConfigurationIsVisible = 0;
			defaultConfigurationName = Release;
		};
/* End XCConfigurationList section */
	};
	rootObject = 2BDF42E22571F4FC004812E1 /* Project object */;
}
